
Microsoft Visual Studio Solution File, Format Version 12.00
# Visual Studio Version 17
VisualStudioVersion = 17.13.35806.99
MinimumVisualStudioVersion = 10.0.40219.1
Project("{2150E333-8FDC-42A3-9474-1A3956D46DE8}") = "src", "src", "{02EA681E-C7D8-13C7-8484-4AC65E1B71E8}"
EndProject
Project("{2150E333-8FDC-42A3-9474-1A3956D46DE8}") = "tests", "tests", "{56DBD8E9-9F29-475C-85F1-99860551F134}"
EndProject
Project("{2150E333-8FDC-42A3-9474-1A3956D46DE8}") = "Shared", "Shared", "{49132BF9-0800-44B5-A22E-5CA292772A67}"
EndProject
Project("{2150E333-8FDC-42A3-9474-1A3956D46DE8}") = "Mobile", "Mobile", "{FC6E1666-3478-4C0A-ACB3-03311D396CA7}"
EndProject
Project("{2150E333-8FDC-42A3-9474-1A3956D46DE8}") = "Backend", "Backend", "{8703444B-F0FF-4038-AB5F-03029A8B9965}"
EndProject
Project("{FAE04EC0-301F-11D3-BF4B-00C04F79EFBC}") = "MyRecipeBook.API", "src\Backend\MyRecipeBook.API\MyRecipeBook.API.csproj", "{1C7A7DA1-74EF-48A5-A780-BD549992448D}"
EndProject
Project("{FAE04EC0-301F-11D3-BF4B-00C04F79EFBC}") = "MyRecipeBook.Application", "src\Backend\MyRecipeBook.Application\MyRecipeBook.Application.csproj", "{84F41E11-FB68-4807-A82C-6F721BAC648A}"
EndProject
Project("{FAE04EC0-301F-11D3-BF4B-00C04F79EFBC}") = "MyRecipeBook.Domain", "src\Backend\MyRecipeBook.Domain\MyRecipeBook.Domain.csproj", "{DBC16444-BB4C-4847-9EE1-D074FAF7BA25}"
EndProject
Project("{FAE04EC0-301F-11D3-BF4B-00C04F79EFBC}") = "MyRecipeBook.Infrastructure", "src\Backend\MyRecipeBook.Infrastructure\MyRecipeBook.Infrastructure.csproj", "{ABB60A46-3FCC-4F67-B7A3-16F9D7F2EB41}"
EndProject
Project("{FAE04EC0-301F-11D3-BF4B-00C04F79EFBC}") = "MyRecipeBook.Communication", "src\Shared\MyRecipeBook.Communication\MyRecipeBook.Communication.csproj", "{BF6835C3-8B61-4CCD-A0CD-03FF91111552}"
EndProject
Project("{FAE04EC0-301F-11D3-BF4B-00C04F79EFBC}") = "MyRecipeBook.Exceptions", "src\Shared\MyRecipeBook.Exceptions\MyRecipeBook.Exceptions.csproj", "{7C520194-CC31-482F-B849-E16A1A948CFB}"
EndProject
Global
	GlobalSection(SolutionConfigurationPlatforms) = preSolution
		Debug|Any CPU = Debug|Any CPU
		Release|Any CPU = Release|Any CPU
	EndGlobalSection
	GlobalSection(ProjectConfigurationPlatforms) = postSolution
		{1C7A7DA1-74EF-48A5-A780-BD549992448D}.Debug|Any CPU.ActiveCfg = Debug|Any CPU
		{1C7A7DA1-74EF-48A5-A780-BD549992448D}.Debug|Any CPU.Build.0 = Debug|Any CPU
		{1C7A7DA1-74EF-48A5-A780-BD549992448D}.Release|Any CPU.ActiveCfg = Release|Any CPU
		{1C7A7DA1-74EF-48A5-A780-BD549992448D}.Release|Any CPU.Build.0 = Release|Any CPU
		{84F41E11-FB68-4807-A82C-6F721BAC648A}.Debug|Any CPU.ActiveCfg = Debug|Any CPU
		{84F41E11-FB68-4807-A82C-6F721BAC648A}.Debug|Any CPU.Build.0 = Debug|Any CPU
		{84F41E11-FB68-4807-A82C-6F721BAC648A}.Release|Any CPU.ActiveCfg = Release|Any CPU
		{84F41E11-FB68-4807-A82C-6F721BAC648A}.Release|Any CPU.Build.0 = Release|Any CPU
		{DBC16444-BB4C-4847-9EE1-D074FAF7BA25}.Debug|Any CPU.ActiveCfg = Debug|Any CPU
		{DBC16444-BB4C-4847-9EE1-D074FAF7BA25}.Debug|Any CPU.Build.0 = Debug|Any CPU
		{DBC16444-BB4C-4847-9EE1-D074FAF7BA25}.Release|Any CPU.ActiveCfg = Release|Any CPU
		{DBC16444-BB4C-4847-9EE1-D074FAF7BA25}.Release|Any CPU.Build.0 = Release|Any CPU
		{ABB60A46-3FCC-4F67-B7A3-16F9D7F2EB41}.Debug|Any CPU.ActiveCfg = Debug|Any CPU
		{ABB60A46-3FCC-4F67-B7A3-16F9D7F2EB41}.Debug|Any CPU.Build.0 = Debug|Any CPU
		{ABB60A46-3FCC-4F67-B7A3-16F9D7F2EB41}.Release|Any CPU.ActiveCfg = Release|Any CPU
		{ABB60A46-3FCC-4F67-B7A3-16F9D7F2EB41}.Release|Any CPU.Build.0 = Release|Any CPU
		{BF6835C3-8B61-4CCD-A0CD-03FF91111552}.Debug|Any CPU.ActiveCfg = Debug|Any CPU
		{BF6835C3-8B61-4CCD-A0CD-03FF91111552}.Debug|Any CPU.Build.0 = Debug|Any CPU
		{BF6835C3-8B61-4CCD-A0CD-03FF91111552}.Release|Any CPU.ActiveCfg = Release|Any CPU
		{BF6835C3-8B61-4CCD-A0CD-03FF91111552}.Release|Any CPU.Build.0 = Release|Any CPU
		{7C520194-CC31-482F-B849-E16A1A948CFB}.Debug|Any CPU.ActiveCfg = Debug|Any CPU
		{7C520194-CC31-482F-B849-E16A1A948CFB}.Debug|Any CPU.Build.0 = Debug|Any CPU
		{7C520194-CC31-482F-B849-E16A1A948CFB}.Release|Any CPU.ActiveCfg = Release|Any CPU
		{7C520194-CC31-482F-B849-E16A1A948CFB}.Release|Any CPU.Build.0 = Release|Any CPU
	EndGlobalSection
	GlobalSection(SolutionProperties) = preSolution
		HideSolutionNode = FALSE
	EndGlobalSection
	GlobalSection(NestedProjects) = preSolution
		{49132BF9-0800-44B5-A22E-5CA292772A67} = {02EA681E-C7D8-13C7-8484-4AC65E1B71E8}
		{FC6E1666-3478-4C0A-ACB3-03311D396CA7} = {02EA681E-C7D8-13C7-8484-4AC65E1B71E8}
		{8703444B-F0FF-4038-AB5F-03029A8B9965} = {02EA681E-C7D8-13C7-8484-4AC65E1B71E8}
		{1C7A7DA1-74EF-48A5-A780-BD549992448D} = {8703444B-F0FF-4038-AB5F-03029A8B9965}
		{84F41E11-FB68-4807-A82C-6F721BAC648A} = {8703444B-F0FF-4038-AB5F-03029A8B9965}
		{DBC16444-BB4C-4847-9EE1-D074FAF7BA25} = {8703444B-F0FF-4038-AB5F-03029A8B9965}
		{ABB60A46-3FCC-4F67-B7A3-16F9D7F2EB41} = {8703444B-F0FF-4038-AB5F-03029A8B9965}
		{BF6835C3-8B61-4CCD-A0CD-03FF91111552} = {49132BF9-0800-44B5-A22E-5CA292772A67}
		{7C520194-CC31-482F-B849-E16A1A948CFB} = {49132BF9-0800-44B5-A22E-5CA292772A67}
	EndGlobalSection
	GlobalSection(ExtensibilityGlobals) = postSolution
		SolutionGuid = {EB2FB97E-AA05-44B4-8D32-B77AC2A6996E}
	EndGlobalSection
EndGlobal
